
Microsoft Visual Studio Solution File, Format Version 12.00
# Visual Studio Version 17
VisualStudioVersion = 17.0.31903.59
MinimumVisualStudioVersion = 10.0.40219.1
Project("{FAE04EC0-301F-11D3-BF4B-00C04F79EFBC}") = "Chronos", "Chronos\Chronos.csproj", "{BDAF1529-F57D-415E-BA81-E01AFA0606D4}"
EndProject
Project("{FAE04EC0-301F-11D3-BF4B-00C04F79EFBC}") = "RandomTest", "RandomTest\RandomTest.csproj", "{E2EF8C97-DA63-4A42-89F2-3C1F46658DB7}"
EndProject
Project("{FAE04EC0-301F-11D3-BF4B-00C04F79EFBC}") = "RanDice", "RanDice\RanDice.csproj", "{72983BB7-0FDB-444A-A99D-63A338EF813E}"
EndProject
Project("{FAE04EC0-301F-11D3-BF4B-00C04F79EFBC}") = "MyGame", "MyGame\MyGame.csproj", "{183681A9-9F5F-4F10-AC04-D3DF886E67D6}"
EndProject
Global
	GlobalSection(SolutionConfigurationPlatforms) = preSolution
		Debug|Any CPU = Debug|Any CPU
		Release|Any CPU = Release|Any CPU
	EndGlobalSection
	GlobalSection(SolutionProperties) = preSolution
		HideSolutionNode = FALSE
	EndGlobalSection
	GlobalSection(ProjectConfigurationPlatforms) = postSolution
		{BDAF1529-F57D-415E-BA81-E01AFA0606D4}.Debug|Any CPU.ActiveCfg = Debug|Any CPU
		{BDAF1529-F57D-415E-BA81-E01AFA0606D4}.Debug|Any CPU.Build.0 = Debug|Any CPU
		{BDAF1529-F57D-415E-BA81-E01AFA0606D4}.Release|Any CPU.ActiveCfg = Release|Any CPU
		{BDAF1529-F57D-415E-BA81-E01AFA0606D4}.Release|Any CPU.Build.0 = Release|Any CPU
		{E2EF8C97-DA63-4A42-89F2-3C1F46658DB7}.Debug|Any CPU.ActiveCfg = Debug|Any CPU
		{E2EF8C97-DA63-4A42-89F2-3C1F46658DB7}.Debug|Any CPU.Build.0 = Debug|Any CPU
		{E2EF8C97-DA63-4A42-89F2-3C1F46658DB7}.Release|Any CPU.ActiveCfg = Release|Any CPU
		{E2EF8C97-DA63-4A42-89F2-3C1F46658DB7}.Release|Any CPU.Build.0 = Release|Any CPU
		{72983BB7-0FDB-444A-A99D-63A338EF813E}.Debug|Any CPU.ActiveCfg = Debug|Any CPU
		{72983BB7-0FDB-444A-A99D-63A338EF813E}.Debug|Any CPU.Build.0 = Debug|Any CPU
		{72983BB7-0FDB-444A-A99D-63A338EF813E}.Release|Any CPU.ActiveCfg = Release|Any CPU
		{72983BB7-0FDB-444A-A99D-63A338EF813E}.Release|Any CPU.Build.0 = Release|Any CPU
		{183681A9-9F5F-4F10-AC04-D3DF886E67D6}.Debug|Any CPU.ActiveCfg = Debug|Any CPU
		{183681A9-9F5F-4F10-AC04-D3DF886E67D6}.Debug|Any CPU.Build.0 = Debug|Any CPU
		{183681A9-9F5F-4F10-AC04-D3DF886E67D6}.Release|Any CPU.ActiveCfg = Release|Any CPU
		{183681A9-9F5F-4F10-AC04-D3DF886E67D6}.Release|Any CPU.Build.0 = Release|Any CPU
	EndGlobalSection
EndGlobal
